// !$*UTF8*$!
{
	archiveVersion = 1;
	classes = {
	};
	objectVersion = 46;
	objects = {

/* Begin PBXBuildFile section */
		759D2FE61F60E4CB000A219B /* AppDelegate.swift in Sources */ = {isa = PBXBuildFile; fileRef = 75C4DAF71EAD584800337FA5 /* AppDelegate.swift */; };
		759D2FE71F60E4CB000A219B /* SwitchViewController.swift in Sources */ = {isa = PBXBuildFile; fileRef = 7506C86A1EAD595300569EB1 /* SwitchViewController.swift */; };
		759D2FE81F60E4CB000A219B /* LogCollectionViewController.swift in Sources */ = {isa = PBXBuildFile; fileRef = 7506C8681EAD594E00569EB1 /* LogCollectionViewController.swift */; };
		759D2FEC1F60E4CB000A219B /* LaunchScreen.storyboard in Resources */ = {isa = PBXBuildFile; fileRef = 75C4DB001EAD584800337FA5 /* LaunchScreen.storyboard */; };
		759D2FED1F60E4CB000A219B /* Assets.xcassets in Resources */ = {isa = PBXBuildFile; fileRef = 75C4DAFE1EAD584800337FA5 /* Assets.xcassets */; };
		759D2FEE1F60E4CB000A219B /* GoogleService-Info.plist in Resources */ = {isa = PBXBuildFile; fileRef = 7506C86C1EAD5A0B00569EB1 /* GoogleService-Info.plist */; };
		B03DE19606119E9805F2C1A7 /* Pods_MyApt.framework in Frameworks */ = {isa = PBXBuildFile; fileRef = 1D251F78E7C5209A2A90F70B /* Pods_MyApt.framework */; };
/* End PBXBuildFile section */

/* Begin PBXFileReference section */
		1D251F78E7C5209A2A90F70B /* Pods_MyApt.framework */ = {isa = PBXFileReference; explicitFileType = wrapper.framework; includeInIndex = 0; path = Pods_MyApt.framework; sourceTree = BUILT_PRODUCTS_DIR; };
		4706DE6D4C37C129F5DE6691 /* Pods_myApt.framework */ = {isa = PBXFileReference; explicitFileType = wrapper.framework; includeInIndex = 0; path = Pods_myApt.framework; sourceTree = BUILT_PRODUCTS_DIR; };
		5F674261C1453CEFC2E01C18 /* Pods-MyApt.release.xcconfig */ = {isa = PBXFileReference; includeInIndex = 1; lastKnownFileType = text.xcconfig; name = "Pods-MyApt.release.xcconfig"; path = "Pods/Target Support Files/Pods-MyApt/Pods-MyApt.release.xcconfig"; sourceTree = "<group>"; };
		7506C8681EAD594E00569EB1 /* LogCollectionViewController.swift */ = {isa = PBXFileReference; fileEncoding = 4; lastKnownFileType = sourcecode.swift; path = LogCollectionViewController.swift; sourceTree = "<group>"; };
		7506C86A1EAD595300569EB1 /* SwitchViewController.swift */ = {isa = PBXFileReference; fileEncoding = 4; lastKnownFileType = sourcecode.swift; path = SwitchViewController.swift; sourceTree = "<group>"; };
		7506C86C1EAD5A0B00569EB1 /* GoogleService-Info.plist */ = {isa = PBXFileReference; fileEncoding = 4; lastKnownFileType = text.plist.xml; path = "GoogleService-Info.plist"; sourceTree = "<group>"; };
		759D2FF41F60E4CB000A219B /* MyApt.app */ = {isa = PBXFileReference; explicitFileType = wrapper.application; includeInIndex = 0; path = MyApt.app; sourceTree = BUILT_PRODUCTS_DIR; };
		75C4DAF71EAD584800337FA5 /* AppDelegate.swift */ = {isa = PBXFileReference; lastKnownFileType = sourcecode.swift; path = AppDelegate.swift; sourceTree = "<group>"; };
		75C4DAFE1EAD584800337FA5 /* Assets.xcassets */ = {isa = PBXFileReference; lastKnownFileType = folder.assetcatalog; path = Assets.xcassets; sourceTree = "<group>"; };
		75C4DB011EAD584800337FA5 /* Base */ = {isa = PBXFileReference; lastKnownFileType = file.storyboard; name = Base; path = Base.lproj/LaunchScreen.storyboard; sourceTree = "<group>"; };
		75C4DB031EAD584800337FA5 /* Info.plist */ = {isa = PBXFileReference; lastKnownFileType = text.plist.xml; path = Info.plist; sourceTree = "<group>"; };
		929D4734D2435C7159E2F2BA /* Pods-MyApt.debug.xcconfig */ = {isa = PBXFileReference; includeInIndex = 1; lastKnownFileType = text.xcconfig; name = "Pods-MyApt.debug.xcconfig"; path = "Pods/Target Support Files/Pods-MyApt/Pods-MyApt.debug.xcconfig"; sourceTree = "<group>"; };
		ABA36F73C9F3BC3A75CC3C1D /* Pods-myApt.debug.xcconfig */ = {isa = PBXFileReference; includeInIndex = 1; lastKnownFileType = text.xcconfig; name = "Pods-myApt.debug.xcconfig"; path = "Pods/Target Support Files/Pods-myApt/Pods-myApt.debug.xcconfig"; sourceTree = "<group>"; };
		E017781B408644E76DDDC30C /* Pods-myApt.release.xcconfig */ = {isa = PBXFileReference; includeInIndex = 1; lastKnownFileType = text.xcconfig; name = "Pods-myApt.release.xcconfig"; path = "Pods/Target Support Files/Pods-myApt/Pods-myApt.release.xcconfig"; sourceTree = "<group>"; };
/* End PBXFileReference section */

/* Begin PBXFrameworksBuildPhase section */
		759D2FE91F60E4CB000A219B /* Frameworks */ = {
			isa = PBXFrameworksBuildPhase;
			buildActionMask = 2147483647;
			files = (
				B03DE19606119E9805F2C1A7 /* Pods_MyApt.framework in Frameworks */,
			);
			runOnlyForDeploymentPostprocessing = 0;
		};
/* End PBXFrameworksBuildPhase section */

/* Begin PBXGroup section */
		6B6649BFD4CBA4107AD9F401 /* Frameworks */ = {
			isa = PBXGroup;
			children = (
				4706DE6D4C37C129F5DE6691 /* Pods_myApt.framework */,
				1D251F78E7C5209A2A90F70B /* Pods_MyApt.framework */,
			);
			name = Frameworks;
			sourceTree = "<group>";
		};
		75C4DAEB1EAD584800337FA5 = {
			isa = PBXGroup;
			children = (
				75C4DAF61EAD584800337FA5 /* MyApt */,
				75C4DAF51EAD584800337FA5 /* Products */,
				838DF7F3B1175C2E869A42D4 /* Pods */,
				6B6649BFD4CBA4107AD9F401 /* Frameworks */,
			);
			sourceTree = "<group>";
		};
		75C4DAF51EAD584800337FA5 /* Products */ = {
			isa = PBXGroup;
			children = (
				759D2FF41F60E4CB000A219B /* MyApt.app */,
			);
			name = Products;
			sourceTree = "<group>";
		};
		75C4DAF61EAD584800337FA5 /* MyApt */ = {
			isa = PBXGroup;
			children = (
				75C4DAF71EAD584800337FA5 /* AppDelegate.swift */,
				7506C86A1EAD595300569EB1 /* SwitchViewController.swift */,
				7506C8681EAD594E00569EB1 /* LogCollectionViewController.swift */,
				75C4DAFE1EAD584800337FA5 /* Assets.xcassets */,
				75C4DB001EAD584800337FA5 /* LaunchScreen.storyboard */,
				75C4DB031EAD584800337FA5 /* Info.plist */,
				7506C86C1EAD5A0B00569EB1 /* GoogleService-Info.plist */,
			);
			name = MyApt;
			path = myApt;
			sourceTree = "<group>";
		};
		838DF7F3B1175C2E869A42D4 /* Pods */ = {
			isa = PBXGroup;
			children = (
				ABA36F73C9F3BC3A75CC3C1D /* Pods-myApt.debug.xcconfig */,
				E017781B408644E76DDDC30C /* Pods-myApt.release.xcconfig */,
				929D4734D2435C7159E2F2BA /* Pods-MyApt.debug.xcconfig */,
				5F674261C1453CEFC2E01C18 /* Pods-MyApt.release.xcconfig */,
			);
			name = Pods;
			sourceTree = "<group>";
		};
/* End PBXGroup section */

/* Begin PBXNativeTarget section */
		759D2FE31F60E4CB000A219B /* MyApt */ = {
			isa = PBXNativeTarget;
			buildConfigurationList = 759D2FF11F60E4CB000A219B /* Build configuration list for PBXNativeTarget "MyApt" */;
			buildPhases = (
				759D2FE41F60E4CB000A219B /* [CP] Check Pods Manifest.lock */,
				759D2FE51F60E4CB000A219B /* Sources */,
				759D2FE91F60E4CB000A219B /* Frameworks */,
				759D2FEB1F60E4CB000A219B /* Resources */,
				759D2FEF1F60E4CB000A219B /* [CP] Embed Pods Frameworks */,
				759D2FF01F60E4CB000A219B /* [CP] Copy Pods Resources */,
			);
			buildRules = (
			);
			dependencies = (
			);
			name = MyApt;
			productName = myApt;
			productReference = 759D2FF41F60E4CB000A219B /* MyApt.app */;
			productType = "com.apple.product-type.application";
		};
/* End PBXNativeTarget section */

/* Begin PBXProject section */
		75C4DAEC1EAD584800337FA5 /* Project object */ = {
			isa = PBXProject;
			attributes = {
				LastSwiftUpdateCheck = 0830;
				LastUpgradeCheck = 0830;
				ORGANIZATIONNAME = "Johnny Zhang";
				TargetAttributes = {
					759D2FE31F60E4CB000A219B = {
						DevelopmentTeam = 28T772QNRV;
					};
				};
			};
			buildConfigurationList = 75C4DAEF1EAD584800337FA5 /* Build configuration list for PBXProject "MyApt" */;
			compatibilityVersion = "Xcode 3.2";
			developmentRegion = English;
			hasScannedForEncodings = 0;
			knownRegions = (
				en,
				Base,
			);
			mainGroup = 75C4DAEB1EAD584800337FA5;
			productRefGroup = 75C4DAF51EAD584800337FA5 /* Products */;
			projectDirPath = "";
			projectRoot = "";
			targets = (
				759D2FE31F60E4CB000A219B /* MyApt */,
			);
		};
/* End PBXProject section */

/* Begin PBXResourcesBuildPhase section */
		759D2FEB1F60E4CB000A219B /* Resources */ = {
			isa = PBXResourcesBuildPhase;
			buildActionMask = 2147483647;
			files = (
				759D2FEC1F60E4CB000A219B /* LaunchScreen.storyboard in Resources */,
				759D2FED1F60E4CB000A219B /* Assets.xcassets in Resources */,
				759D2FEE1F60E4CB000A219B /* GoogleService-Info.plist in Resources */,
			);
			runOnlyForDeploymentPostprocessing = 0;
		};
/* End PBXResourcesBuildPhase section */

/* Begin PBXShellScriptBuildPhase section */
		759D2FE41F60E4CB000A219B /* [CP] Check Pods Manifest.lock */ = {
			isa = PBXShellScriptBuildPhase;
			buildActionMask = 2147483647;
			files = (
			);
			inputPaths = (
			);
			name = "[CP] Check Pods Manifest.lock";
			outputPaths = (
			);
			runOnlyForDeploymentPostprocessing = 0;
			shellPath = /bin/sh;
			shellScript = "diff \"${PODS_ROOT}/../Podfile.lock\" \"${PODS_ROOT}/Manifest.lock\" > /dev/null\nif [ $? != 0 ] ; then\n    # print error to STDERR\n    echo \"error: The sandbox is not in sync with the Podfile.lock. Run 'pod install' or update your CocoaPods installation.\" >&2\n    exit 1\nfi\n";
			showEnvVarsInLog = 0;
		};
		759D2FEF1F60E4CB000A219B /* [CP] Embed Pods Frameworks */ = {
			isa = PBXShellScriptBuildPhase;
			buildActionMask = 2147483647;
			files = (
			);
			inputPaths = (
			);
			name = "[CP] Embed Pods Frameworks";
			outputPaths = (
			);
			runOnlyForDeploymentPostprocessing = 0;
			shellPath = /bin/sh;
			shellScript = "\"${SRCROOT}/Pods/Target Support Files/Pods-MyApt/Pods-MyApt-frameworks.sh\"\n";
			showEnvVarsInLog = 0;
		};
		759D2FF01F60E4CB000A219B /* [CP] Copy Pods Resources */ = {
			isa = PBXShellScriptBuildPhase;
			buildActionMask = 2147483647;
			files = (
			);
			inputPaths = (
			);
			name = "[CP] Copy Pods Resources";
			outputPaths = (
			);
			runOnlyForDeploymentPostprocessing = 0;
			shellPath = /bin/sh;
			shellScript = "\"${SRCROOT}/Pods/Target Support Files/Pods-MyApt/Pods-MyApt-resources.sh\"\n";
			showEnvVarsInLog = 0;
		};
/* End PBXShellScriptBuildPhase section */

/* Begin PBXSourcesBuildPhase section */
		759D2FE51F60E4CB000A219B /* Sources */ = {
			isa = PBXSourcesBuildPhase;
			buildActionMask = 2147483647;
			files = (
				759D2FE61F60E4CB000A219B /* AppDelegate.swift in Sources */,
				759D2FE71F60E4CB000A219B /* SwitchViewController.swift in Sources */,
				759D2FE81F60E4CB000A219B /* LogCollectionViewController.swift in Sources */,
			);
			runOnlyForDeploymentPostprocessing = 0;
		};
/* End PBXSourcesBuildPhase section */

/* Begin PBXVariantGroup section */
		75C4DB001EAD584800337FA5 /* LaunchScreen.storyboard */ = {
			isa = PBXVariantGroup;
			children = (
				75C4DB011EAD584800337FA5 /* Base */,
			);
			name = LaunchScreen.storyboard;
			sourceTree = "<group>";
		};
/* End PBXVariantGroup section */

/* Begin XCBuildConfiguration section */
		759D2FF21F60E4CB000A219B /* Debug */ = {
			isa = XCBuildConfiguration;
			baseConfigurationReference = 929D4734D2435C7159E2F2BA /* Pods-MyApt.debug.xcconfig */;
			buildSettings = {
				ASSETCATALOG_COMPILER_APPICON_NAME = AppIcon;
				DEVELOPMENT_TEAM = 28T772QNRV;
				INFOPLIST_FILE = "$(SRCROOT)/myApt/Info.plist";
				LD_RUNPATH_SEARCH_PATHS = "$(inherited) @executable_path/Frameworks";
				PRODUCT_BUNDLE_IDENTIFIER = com.JohnnyZhang.myApt;
				PRODUCT_NAME = "$(TARGET_NAME)";
				SWIFT_VERSION = 3.0;
				TARGETED_DEVICE_FAMILY = 1;
			};
			name = Debug;
		};
		759D2FF31F60E4CB000A219B /* Release */ = {
			isa = XCBuildConfiguration;
			baseConfigurationReference = 5F674261C1453CEFC2E01C18 /* Pods-MyApt.release.xcconfig */;
			buildSettings = {
				ASSETCATALOG_COMPILER_APPICON_NAME = AppIcon;
				DEVELOPMENT_TEAM = 28T772QNRV;
				INFOPLIST_FILE = "$(SRCROOT)/myApt/Info.plist";
				LD_RUNPATH_SEARCH_PATHS = "$(inherited) @executable_path/Frameworks";
				PRODUCT_BUNDLE_IDENTIFIER = com.JohnnyZhang.myApt;
				PRODUCT_NAME = "$(TARGET_NAME)";
				SWIFT_VERSION = 3.0;
				TARGETED_DEVICE_FAMILY = 1;
			};
			name = Release;
		};
		75C4DB041EAD584800337FA5 /* Debug */ = {
			isa = XCBuildConfiguration;
			buildSettings = {
				ALWAYS_SEARCH_USER_PATHS = NO;
				CLANG_ANALYZER_NONNULL = YES;
				CLANG_ANALYZER_NUMBER_OBJECT_CONVERSION = YES_AGGRESSIVE;
				CLANG_CXX_LANGUAGE_STANDARD = "gnu++0x";
				CLANG_CXX_LIBRARY = "libc++";
				CLANG_ENABLE_MODULES = YES;
				CLANG_ENABLE_OBJC_ARC = YES;
				CLANG_WARN_BOOL_CONVERSION = YES;
				CLANG_WARN_CONSTANT_CONVERSION = YES;
				CLANG_WARN_DIRECT_OBJC_ISA_USAGE = YES_ERROR;
				CLANG_WARN_DOCUMENTATION_COMMENTS = YES;
				CLANG_WARN_EMPTY_BODY = YES;
				CLANG_WARN_ENUM_CONVERSION = YES;
				CLANG_WARN_INFINITE_RECURSION = YES;
				CLANG_WARN_INT_CONVERSION = YES;
				CLANG_WARN_OBJC_ROOT_CLASS = YES_ERROR;
				CLANG_WARN_SUSPICIOUS_MOVE = YES;
				CLANG_WARN_UNREACHABLE_CODE = YES;
				CLANG_WARN__DUPLICATE_METHOD_MATCH = YES;
				CODE_SIGN_IDENTITY = "iPhone Developer";
				"CODE_SIGN_IDENTITY[sdk=iphoneos*]" = "iPhone Developer";
				COPY_PHASE_STRIP = NO;
				DEBUG_INFORMATION_FORMAT = dwarf;
				ENABLE_STRICT_OBJC_MSGSEND = YES;
				ENABLE_TESTABILITY = YES;
				GCC_C_LANGUAGE_STANDARD = gnu99;
				GCC_DYNAMIC_NO_PIC = NO;
				GCC_NO_COMMON_BLOCKS = YES;
				GCC_OPTIMIZATION_LEVEL = 0;
				GCC_PREPROCESSOR_DEFINITIONS = (
					"DEBUG=1",
					"$(inherited)",
				);
				GCC_WARN_64_TO_32_BIT_CONVERSION = YES;
				GCC_WARN_ABOUT_RETURN_TYPE = YES_ERROR;
				GCC_WARN_UNDECLARED_SELECTOR = YES;
				GCC_WARN_UNINITIALIZED_AUTOS = YES_AGGRESSIVE;
				GCC_WARN_UNUSED_FUNCTION = YES;
				GCC_WARN_UNUSED_VARIABLE = YES;
				IPHONEOS_DEPLOYMENT_TARGET = 10.3;
				MTL_ENABLE_DEBUG_INFO = YES;
				ONLY_ACTIVE_ARCH = YES;
				SDKROOT = iphoneos;
				SWIFT_ACTIVE_COMPILATION_CONDITIONS = DEBUG;
				SWIFT_OPTIMIZATION_LEVEL = "-Onone";
				TARGETED_DEVICE_FAMILY = "1,2";
			};
			name = Debug;
		};
		75C4DB051EAD584800337FA5 /* Release */ = {
			isa = XCBuildConfiguration;
			baseConfigurationReference = 5F674261C1453CEFC2E01C18 /* Pods-MyApt.release.xcconfig */;
			buildSettings = {
				ALWAYS_SEARCH_USER_PATHS = NO;
				CLANG_ANALYZER_NONNULL = YES;
				CLANG_ANALYZER_NUMBER_OBJECT_CONVERSION = YES_AGGRESSIVE;
				CLANG_CXX_LANGUAGE_STANDARD = "gnu++0x";
				CLANG_CXX_LIBRARY = "libc++";
				CLANG_ENABLE_MODULES = YES;
				CLANG_ENABLE_OBJC_ARC = YES;
				CLANG_WARN_BOOL_CONVERSION = YES;
				CLANG_WARN_CONSTANT_CONVERSION = YES;
				CLANG_WARN_DIRECT_OBJC_ISA_USAGE = YES_ERROR;
				CLANG_WARN_DOCUMENTATION_COMMENTS = YES;
				CLANG_WARN_EMPTY_BODY = YES;
				CLANG_WARN_ENUM_CONVERSION = YES;
				CLANG_WARN_INFINITE_RECURSION = YES;
				CLANG_WARN_INT_CONVERSION = YES;
				CLANG_WARN_OBJC_ROOT_CLASS = YES_ERROR;
				CLANG_WARN_SUSPICIOUS_MOVE = YES;
				CLANG_WARN_UNREACHABLE_CODE = YES;
				CLANG_WARN__DUPLICATE_METHOD_MATCH = YES;
				CODE_SIGN_IDENTITY = "iPhone Developer";
				"CODE_SIGN_IDENTITY[sdk=iphoneos*]" = "iPhone Developer";
				COPY_PHASE_STRIP = NO;
				DEBUG_INFORMATION_FORMAT = "dwarf-with-dsym";
				ENABLE_NS_ASSERTIONS = NO;
				ENABLE_STRICT_OBJC_MSGSEND = YES;
				GCC_C_LANGUAGE_STANDARD = gnu99;
				GCC_NO_COMMON_BLOCKS = YES;
				GCC_WARN_64_TO_32_BIT_CONVERSION = YES;
				GCC_WARN_ABOUT_RETURN_TYPE = YES_ERROR;
				GCC_WARN_UNDECLARED_SELECTOR = YES;
				GCC_WARN_UNINITIALIZED_AUTOS = YES_AGGRESSIVE;
				GCC_WARN_UNUSED_FUNCTION = YES;
				GCC_WARN_UNUSED_VARIABLE = YES;
				IPHONEOS_DEPLOYMENT_TARGET = 10.3;
				MTL_ENABLE_DEBUG_INFO = NO;
				SDKROOT = iphoneos;
				SWIFT_OPTIMIZATION_LEVEL = "-Owholemodule";
				TARGETED_DEVICE_FAMILY = "1,2";
				VALIDATE_PRODUCT = YES;
			};
			name = Release;
		};
/* End XCBuildConfiguration section */

/* Begin XCConfigurationList section */
		759D2FF11F60E4CB000A219B /* Build configuration list for PBXNativeTarget "MyApt" */ = {
			isa = XCConfigurationList;
			buildConfigurations = (
				759D2FF21F60E4CB000A219B /* Debug */,
				759D2FF31F60E4CB000A219B /* Release */,
			);
			defaultConfigurationIsVisible = 0;
			defaultConfigurationName = Release;
		};
		75C4DAEF1EAD584800337FA5 /* Build configuration list for PBXProject "MyApt" */ = {
			isa = XCConfigurationList;
			buildConfigurations = (
				75C4DB041EAD584800337FA5 /* Debug */,
				75C4DB051EAD584800337FA5 /* Release */,
			);
			defaultConfigurationIsVisible = 0;
			defaultConfigurationName = Release;
		};
/* End XCConfigurationList section */
	};
	rootObject = 75C4DAEC1EAD584800337FA5 /* Project object */;
}
